// !$*UTF8*$!
{
	archiveVersion = 1;
	classes = {
	};
	objectVersion = 56;
	objects = {

/* Begin PBXBuildFile section */
		679ECCF02C75DFEB00BF45C3 /* AppDelegate.swift in Sources */ = {isa = PBXBuildFile; fileRef = 679ECCEF2C75DFEB00BF45C3 /* AppDelegate.swift */; };
		679ECCF22C75DFEB00BF45C3 /* SceneDelegate.swift in Sources */ = {isa = PBXBuildFile; fileRef = 679ECCF12C75DFEB00BF45C3 /* SceneDelegate.swift */; };
		679ECCF42C75DFEB00BF45C3 /* ViewController.swift in Sources */ = {isa = PBXBuildFile; fileRef = 679ECCF32C75DFEB00BF45C3 /* ViewController.swift */; };
		679ECCF72C75DFEB00BF45C3 /* Base in Resources */ = {isa = PBXBuildFile; fileRef = 679ECCF62C75DFEB00BF45C3 /* Base */; };
		679ECCF92C75DFED00BF45C3 /* Assets.xcassets in Resources */ = {isa = PBXBuildFile; fileRef = 679ECCF82C75DFED00BF45C3 /* Assets.xcassets */; };
		679ECCFC2C75DFED00BF45C3 /* Base in Resources */ = {isa = PBXBuildFile; fileRef = 679ECCFB2C75DFED00BF45C3 /* Base */; };
		679ECD0A2C75F65D00BF45C3 /* RxCocoa in Frameworks */ = {isa = PBXBuildFile; productRef = 679ECD092C75F65D00BF45C3 /* RxCocoa */; };
		679ECD0C2C75F65D00BF45C3 /* RxRelay in Frameworks */ = {isa = PBXBuildFile; productRef = 679ECD0B2C75F65D00BF45C3 /* RxRelay */; };
		679ECD0E2C75F65D00BF45C3 /* RxSwift in Frameworks */ = {isa = PBXBuildFile; productRef = 679ECD0D2C75F65D00BF45C3 /* RxSwift */; };
		679ECD112C75F6C300BF45C3 /* NetworkManager.swift in Sources */ = {isa = PBXBuildFile; fileRef = 679ECD102C75F6C300BF45C3 /* NetworkManager.swift */; };
		679ECD132C7606EE00BF45C3 /* User.swift in Sources */ = {isa = PBXBuildFile; fileRef = 679ECD122C7606EE00BF45C3 /* User.swift */; };
		679ECD152C760AA000BF45C3 /* UserViewModel.swift in Sources */ = {isa = PBXBuildFile; fileRef = 679ECD142C760AA000BF45C3 /* UserViewModel.swift */; };
		679ECD192C760D3400BF45C3 /* UserCell.xib in Resources */ = {isa = PBXBuildFile; fileRef = 679ECD182C760D3400BF45C3 /* UserCell.xib */; };
		679ECD1A2C760D3400BF45C3 /* UserCell.swift in Sources */ = {isa = PBXBuildFile; fileRef = 679ECD172C760D3400BF45C3 /* UserCell.swift */; };
		679ECD1E2C76265D00BF45C3 /* UIImage+Extensions.swift in Sources */ = {isa = PBXBuildFile; fileRef = 679ECD1D2C76265D00BF45C3 /* UIImage+Extensions.swift */; };
/* End PBXBuildFile section */

/* Begin PBXFileReference section */
		679ECCEC2C75DFEB00BF45C3 /* practiceMVVM.app */ = {isa = PBXFileReference; explicitFileType = wrapper.application; includeInIndex = 0; path = practiceMVVM.app; sourceTree = BUILT_PRODUCTS_DIR; };
		679ECCEF2C75DFEB00BF45C3 /* AppDelegate.swift */ = {isa = PBXFileReference; lastKnownFileType = sourcecode.swift; path = AppDelegate.swift; sourceTree = "<group>"; };
		679ECCF12C75DFEB00BF45C3 /* SceneDelegate.swift */ = {isa = PBXFileReference; lastKnownFileType = sourcecode.swift; path = SceneDelegate.swift; sourceTree = "<group>"; };
		679ECCF32C75DFEB00BF45C3 /* ViewController.swift */ = {isa = PBXFileReference; lastKnownFileType = sourcecode.swift; path = ViewController.swift; sourceTree = "<group>"; };
		679ECCF62C75DFEB00BF45C3 /* Base */ = {isa = PBXFileReference; lastKnownFileType = file.storyboard; name = Base; path = Base.lproj/Main.storyboard; sourceTree = "<group>"; };
		679ECCF82C75DFED00BF45C3 /* Assets.xcassets */ = {isa = PBXFileReference; lastKnownFileType = folder.assetcatalog; path = Assets.xcassets; sourceTree = "<group>"; };
		679ECCFB2C75DFED00BF45C3 /* Base */ = {isa = PBXFileReference; lastKnownFileType = file.storyboard; name = Base; path = Base.lproj/LaunchScreen.storyboard; sourceTree = "<group>"; };
		679ECCFD2C75DFED00BF45C3 /* Info.plist */ = {isa = PBXFileReference; lastKnownFileType = text.plist.xml; path = Info.plist; sourceTree = "<group>"; };
		679ECD102C75F6C300BF45C3 /* NetworkManager.swift */ = {isa = PBXFileReference; lastKnownFileType = sourcecode.swift; path = NetworkManager.swift; sourceTree = "<group>"; };
		679ECD122C7606EE00BF45C3 /* User.swift */ = {isa = PBXFileReference; lastKnownFileType = sourcecode.swift; path = User.swift; sourceTree = "<group>"; };
		679ECD142C760AA000BF45C3 /* UserViewModel.swift */ = {isa = PBXFileReference; lastKnownFileType = sourcecode.swift; path = UserViewModel.swift; sourceTree = "<group>"; };
		679ECD172C760D3400BF45C3 /* UserCell.swift */ = {isa = PBXFileReference; lastKnownFileType = sourcecode.swift; path = UserCell.swift; sourceTree = "<group>"; };
		679ECD182C760D3400BF45C3 /* UserCell.xib */ = {isa = PBXFileReference; lastKnownFileType = file.xib; path = UserCell.xib; sourceTree = "<group>"; };
		679ECD1D2C76265D00BF45C3 /* UIImage+Extensions.swift */ = {isa = PBXFileReference; lastKnownFileType = sourcecode.swift; path = "UIImage+Extensions.swift"; sourceTree = "<group>"; };
/* End PBXFileReference section */

/* Begin PBXFrameworksBuildPhase section */
		679ECCE92C75DFEB00BF45C3 /* Frameworks */ = {
			isa = PBXFrameworksBuildPhase;
			buildActionMask = 2147483647;
			files = (
				679ECD0E2C75F65D00BF45C3 /* RxSwift in Frameworks */,
				679ECD0C2C75F65D00BF45C3 /* RxRelay in Frameworks */,
				679ECD0A2C75F65D00BF45C3 /* RxCocoa in Frameworks */,
			);
			runOnlyForDeploymentPostprocessing = 0;
		};
/* End PBXFrameworksBuildPhase section */

/* Begin PBXGroup section */
		679ECCE32C75DFEB00BF45C3 = {
			isa = PBXGroup;
			children = (
				679ECCEE2C75DFEB00BF45C3 /* practiceMVVM */,
				679ECCED2C75DFEB00BF45C3 /* Products */,
			);
			sourceTree = "<group>";
		};
		679ECCED2C75DFEB00BF45C3 /* Products */ = {
			isa = PBXGroup;
			children = (
				679ECCEC2C75DFEB00BF45C3 /* practiceMVVM.app */,
			);
			name = Products;
			sourceTree = "<group>";
		};
		679ECCEE2C75DFEB00BF45C3 /* practiceMVVM */ = {
			isa = PBXGroup;
			children = (
				679ECD1F2C76266300BF45C3 /* Extensions */,
				679ECD0F2C75F69700BF45C3 /* Managers */,
				679ECD062C75E08D00BF45C3 /* App */,
				679ECD052C75E07F00BF45C3 /* ViewModels */,
				679ECD042C75E07000BF45C3 /* Views */,
				679ECD032C75E06500BF45C3 /* Models */,
				679ECD072C75E0A900BF45C3 /* Storyboards */,
				679ECCF82C75DFED00BF45C3 /* Assets.xcassets */,
				679ECCFD2C75DFED00BF45C3 /* Info.plist */,
			);
			path = practiceMVVM;
			sourceTree = "<group>";
		};
		679ECD032C75E06500BF45C3 /* Models */ = {
			isa = PBXGroup;
			children = (
				679ECD122C7606EE00BF45C3 /* User.swift */,
			);
			path = Models;
			sourceTree = "<group>";
		};
		679ECD042C75E07000BF45C3 /* Views */ = {
			isa = PBXGroup;
			children = (
				679ECD162C760D1700BF45C3 /* UserCell */,
				679ECCF32C75DFEB00BF45C3 /* ViewController.swift */,
			);
			path = Views;
			sourceTree = "<group>";
		};
		679ECD052C75E07F00BF45C3 /* ViewModels */ = {
			isa = PBXGroup;
			children = (
				679ECD142C760AA000BF45C3 /* UserViewModel.swift */,
			);
			path = ViewModels;
			sourceTree = "<group>";
		};
		679ECD062C75E08D00BF45C3 /* App */ = {
			isa = PBXGroup;
			children = (
				679ECCEF2C75DFEB00BF45C3 /* AppDelegate.swift */,
				679ECCF12C75DFEB00BF45C3 /* SceneDelegate.swift */,
			);
			path = App;
			sourceTree = "<group>";
		};
		679ECD072C75E0A900BF45C3 /* Storyboards */ = {
			isa = PBXGroup;
			children = (
				679ECCF52C75DFEB00BF45C3 /* Main.storyboard */,
				679ECCFA2C75DFED00BF45C3 /* LaunchScreen.storyboard */,
			);
			path = Storyboards;
			sourceTree = "<group>";
		};
		679ECD0F2C75F69700BF45C3 /* Managers */ = {
			isa = PBXGroup;
			children = (
				679ECD102C75F6C300BF45C3 /* NetworkManager.swift */,
			);
			path = Managers;
			sourceTree = "<group>";
		};
		679ECD162C760D1700BF45C3 /* UserCell */ = {
			isa = PBXGroup;
			children = (
				679ECD172C760D3400BF45C3 /* UserCell.swift */,
				679ECD182C760D3400BF45C3 /* UserCell.xib */,
			);
			path = UserCell;
			sourceTree = "<group>";
		};
		679ECD1F2C76266300BF45C3 /* Extensions */ = {
			isa = PBXGroup;
			children = (
				679ECD1D2C76265D00BF45C3 /* UIImage+Extensions.swift */,
			);
			path = Extensions;
			sourceTree = "<group>";
		};
/* End PBXGroup section */

/* Begin PBXNativeTarget section */
		679ECCEB2C75DFEB00BF45C3 /* practiceMVVM */ = {
			isa = PBXNativeTarget;
			buildConfigurationList = 679ECD002C75DFED00BF45C3 /* Build configuration list for PBXNativeTarget "practiceMVVM" */;
			buildPhases = (
				679ECCE82C75DFEB00BF45C3 /* Sources */,
				679ECCE92C75DFEB00BF45C3 /* Frameworks */,
				679ECCEA2C75DFEB00BF45C3 /* Resources */,
			);
			buildRules = (
			);
			dependencies = (
			);
			name = practiceMVVM;
			packageProductDependencies = (
				679ECD092C75F65D00BF45C3 /* RxCocoa */,
				679ECD0B2C75F65D00BF45C3 /* RxRelay */,
				679ECD0D2C75F65D00BF45C3 /* RxSwift */,
			);
			productName = practiceMVVM;
			productReference = 679ECCEC2C75DFEB00BF45C3 /* practiceMVVM.app */;
			productType = "com.apple.product-type.application";
		};
/* End PBXNativeTarget section */

/* Begin PBXProject section */
		679ECCE42C75DFEB00BF45C3 /* Project object */ = {
			isa = PBXProject;
			attributes = {
				BuildIndependentTargetsInParallel = 1;
				LastSwiftUpdateCheck = 1540;
				LastUpgradeCheck = 1540;
				TargetAttributes = {
					679ECCEB2C75DFEB00BF45C3 = {
						CreatedOnToolsVersion = 15.4;
					};
				};
			};
			buildConfigurationList = 679ECCE72C75DFEB00BF45C3 /* Build configuration list for PBXProject "practiceMVVM" */;
			compatibilityVersion = "Xcode 14.0";
			developmentRegion = en;
			hasScannedForEncodings = 0;
			knownRegions = (
				en,
				Base,
			);
			mainGroup = 679ECCE32C75DFEB00BF45C3;
			packageReferences = (
				679ECD082C75F65D00BF45C3 /* XCRemoteSwiftPackageReference "RxSwift" */,
			);
			productRefGroup = 679ECCED2C75DFEB00BF45C3 /* Products */;
			projectDirPath = "";
			projectRoot = "";
			targets = (
				679ECCEB2C75DFEB00BF45C3 /* practiceMVVM */,
			);
		};
/* End PBXProject section */

/* Begin PBXResourcesBuildPhase section */
		679ECCEA2C75DFEB00BF45C3 /* Resources */ = {
			isa = PBXResourcesBuildPhase;
			buildActionMask = 2147483647;
			files = (
				679ECD192C760D3400BF45C3 /* UserCell.xib in Resources */,
				679ECCF92C75DFED00BF45C3 /* Assets.xcassets in Resources */,
				679ECCFC2C75DFED00BF45C3 /* Base in Resources */,
				679ECCF72C75DFEB00BF45C3 /* Base in Resources */,
			);
			runOnlyForDeploymentPostprocessing = 0;
		};
/* End PBXResourcesBuildPhase section */

/* Begin PBXSourcesBuildPhase section */
		679ECCE82C75DFEB00BF45C3 /* Sources */ = {
			isa = PBXSourcesBuildPhase;
			buildActionMask = 2147483647;
			files = (
				679ECD112C75F6C300BF45C3 /* NetworkManager.swift in Sources */,
				679ECD152C760AA000BF45C3 /* UserViewModel.swift in Sources */,
				679ECCF42C75DFEB00BF45C3 /* ViewController.swift in Sources */,
				679ECCF02C75DFEB00BF45C3 /* AppDelegate.swift in Sources */,
				679ECD132C7606EE00BF45C3 /* User.swift in Sources */,
				679ECCF22C75DFEB00BF45C3 /* SceneDelegate.swift in Sources */,
				679ECD1A2C760D3400BF45C3 /* UserCell.swift in Sources */,
				679ECD1E2C76265D00BF45C3 /* UIImage+Extensions.swift in Sources */,
			);
			runOnlyForDeploymentPostprocessing = 0;
		};
/* End PBXSourcesBuildPhase section */

/* Begin PBXVariantGroup section */
		679ECCF52C75DFEB00BF45C3 /* Main.storyboard */ = {
			isa = PBXVariantGroup;
			children = (
				679ECCF62C75DFEB00BF45C3 /* Base */,
			);
			name = Main.storyboard;
			sourceTree = "<group>";
		};
		679ECCFA2C75DFED00BF45C3 /* LaunchScreen.storyboard */ = {
			isa = PBXVariantGroup;
			children = (
				679ECCFB2C75DFED00BF45C3 /* Base */,
			);
			name = LaunchScreen.storyboard;
			sourceTree = "<group>";
		};
/* End PBXVariantGroup section */

/* Begin XCBuildConfiguration section */
		679ECCFE2C75DFED00BF45C3 /* Debug */ = {
			isa = XCBuildConfiguration;
			buildSettings = {
				ALWAYS_SEARCH_USER_PATHS = NO;
				ASSETCATALOG_COMPILER_GENERATE_SWIFT_ASSET_SYMBOL_EXTENSIONS = YES;
				CLANG_ANALYZER_NONNULL = YES;
				CLANG_ANALYZER_NUMBER_OBJECT_CONVERSION = YES_AGGRESSIVE;
				CLANG_CXX_LANGUAGE_STANDARD = "gnu++20";
				CLANG_ENABLE_MODULES = YES;
				CLANG_ENABLE_OBJC_ARC = YES;
				CLANG_ENABLE_OBJC_WEAK = YES;
				CLANG_WARN_BLOCK_CAPTURE_AUTORELEASING = YES;
				CLANG_WARN_BOOL_CONVERSION = YES;
				CLANG_WARN_COMMA = YES;
				CLANG_WARN_CONSTANT_CONVERSION = YES;
				CLANG_WARN_DEPRECATED_OBJC_IMPLEMENTATIONS = YES;
				CLANG_WARN_DIRECT_OBJC_ISA_USAGE = YES_ERROR;
				CLANG_WARN_DOCUMENTATION_COMMENTS = YES;
				CLANG_WARN_EMPTY_BODY = YES;
				CLANG_WARN_ENUM_CONVERSION = YES;
				CLANG_WARN_INFINITE_RECURSION = YES;
				CLANG_WARN_INT_CONVERSION = YES;
				CLANG_WARN_NON_LITERAL_NULL_CONVERSION = YES;
				CLANG_WARN_OBJC_IMPLICIT_RETAIN_SELF = YES;
				CLANG_WARN_OBJC_LITERAL_CONVERSION = YES;
				CLANG_WARN_OBJC_ROOT_CLASS = YES_ERROR;
				CLANG_WARN_QUOTED_INCLUDE_IN_FRAMEWORK_HEADER = YES;
				CLANG_WARN_RANGE_LOOP_ANALYSIS = YES;
				CLANG_WARN_STRICT_PROTOTYPES = YES;
				CLANG_WARN_SUSPICIOUS_MOVE = YES;
				CLANG_WARN_UNGUARDED_AVAILABILITY = YES_AGGRESSIVE;
				CLANG_WARN_UNREACHABLE_CODE = YES;
				CLANG_WARN__DUPLICATE_METHOD_MATCH = YES;
				COPY_PHASE_STRIP = NO;
				DEBUG_INFORMATION_FORMAT = dwarf;
				ENABLE_STRICT_OBJC_MSGSEND = YES;
				ENABLE_TESTABILITY = YES;
				ENABLE_USER_SCRIPT_SANDBOXING = YES;
				GCC_C_LANGUAGE_STANDARD = gnu17;
				GCC_DYNAMIC_NO_PIC = NO;
				GCC_NO_COMMON_BLOCKS = YES;
				GCC_OPTIMIZATION_LEVEL = 0;
				GCC_PREPROCESSOR_DEFINITIONS = (
					"DEBUG=1",
					"$(inherited)",
				);
				GCC_WARN_64_TO_32_BIT_CONVERSION = YES;
				GCC_WARN_ABOUT_RETURN_TYPE = YES_ERROR;
				GCC_WARN_UNDECLARED_SELECTOR = YES;
				GCC_WARN_UNINITIALIZED_AUTOS = YES_AGGRESSIVE;
				GCC_WARN_UNUSED_FUNCTION = YES;
				GCC_WARN_UNUSED_VARIABLE = YES;
				IPHONEOS_DEPLOYMENT_TARGET = 17.5;
				LOCALIZATION_PREFERS_STRING_CATALOGS = YES;
				MTL_ENABLE_DEBUG_INFO = INCLUDE_SOURCE;
				MTL_FAST_MATH = YES;
				ONLY_ACTIVE_ARCH = YES;
				SDKROOT = iphoneos;
				SWIFT_ACTIVE_COMPILATION_CONDITIONS = "DEBUG $(inherited)";
				SWIFT_OPTIMIZATION_LEVEL = "-Onone";
			};
			name = Debug;
		};
		679ECCFF2C75DFED00BF45C3 /* Release */ = {
			isa = XCBuildConfiguration;
			buildSettings = {
				ALWAYS_SEARCH_USER_PATHS = NO;
				ASSETCATALOG_COMPILER_GENERATE_SWIFT_ASSET_SYMBOL_EXTENSIONS = YES;
				CLANG_ANALYZER_NONNULL = YES;
				CLANG_ANALYZER_NUMBER_OBJECT_CONVERSION = YES_AGGRESSIVE;
				CLANG_CXX_LANGUAGE_STANDARD = "gnu++20";
				CLANG_ENABLE_MODULES = YES;
				CLANG_ENABLE_OBJC_ARC = YES;
				CLANG_ENABLE_OBJC_WEAK = YES;
				CLANG_WARN_BLOCK_CAPTURE_AUTORELEASING = YES;
				CLANG_WARN_BOOL_CONVERSION = YES;
				CLANG_WARN_COMMA = YES;
				CLANG_WARN_CONSTANT_CONVERSION = YES;
				CLANG_WARN_DEPRECATED_OBJC_IMPLEMENTATIONS = YES;
				CLANG_WARN_DIRECT_OBJC_ISA_USAGE = YES_ERROR;
				CLANG_WARN_DOCUMENTATION_COMMENTS = YES;
				CLANG_WARN_EMPTY_BODY = YES;
				CLANG_WARN_ENUM_CONVERSION = YES;
				CLANG_WARN_INFINITE_RECURSION = YES;
				CLANG_WARN_INT_CONVERSION = YES;
				CLANG_WARN_NON_LITERAL_NULL_CONVERSION = YES;
				CLANG_WARN_OBJC_IMPLICIT_RETAIN_SELF = YES;
				CLANG_WARN_OBJC_LITERAL_CONVERSION = YES;
				CLANG_WARN_OBJC_ROOT_CLASS = YES_ERROR;
				CLANG_WARN_QUOTED_INCLUDE_IN_FRAMEWORK_HEADER = YES;
				CLANG_WARN_RANGE_LOOP_ANALYSIS = YES;
				CLANG_WARN_STRICT_PROTOTYPES = YES;
				CLANG_WARN_SUSPICIOUS_MOVE = YES;
				CLANG_WARN_UNGUARDED_AVAILABILITY = YES_AGGRESSIVE;
				CLANG_WARN_UNREACHABLE_CODE = YES;
				CLANG_WARN__DUPLICATE_METHOD_MATCH = YES;
				COPY_PHASE_STRIP = NO;
				DEBUG_INFORMATION_FORMAT = "dwarf-with-dsym";
				ENABLE_NS_ASSERTIONS = NO;
				ENABLE_STRICT_OBJC_MSGSEND = YES;
				ENABLE_USER_SCRIPT_SANDBOXING = YES;
				GCC_C_LANGUAGE_STANDARD = gnu17;
				GCC_NO_COMMON_BLOCKS = YES;
				GCC_WARN_64_TO_32_BIT_CONVERSION = YES;
				GCC_WARN_ABOUT_RETURN_TYPE = YES_ERROR;
				GCC_WARN_UNDECLARED_SELECTOR = YES;
				GCC_WARN_UNINITIALIZED_AUTOS = YES_AGGRESSIVE;
				GCC_WARN_UNUSED_FUNCTION = YES;
				GCC_WARN_UNUSED_VARIABLE = YES;
				IPHONEOS_DEPLOYMENT_TARGET = 17.5;
				LOCALIZATION_PREFERS_STRING_CATALOGS = YES;
				MTL_ENABLE_DEBUG_INFO = NO;
				MTL_FAST_MATH = YES;
				SDKROOT = iphoneos;
				SWIFT_COMPILATION_MODE = wholemodule;
				VALIDATE_PRODUCT = YES;
			};
			name = Release;
		};
		679ECD012C75DFED00BF45C3 /* Debug */ = {
			isa = XCBuildConfiguration;
			buildSettings = {
				ASSETCATALOG_COMPILER_APPICON_NAME = AppIcon;
				ASSETCATALOG_COMPILER_GLOBAL_ACCENT_COLOR_NAME = AccentColor;
				CODE_SIGN_STYLE = Automatic;
				CURRENT_PROJECT_VERSION = 1;
				DEVELOPMENT_TEAM = H59TZMZ589;
				GENERATE_INFOPLIST_FILE = YES;
				INFOPLIST_FILE = practiceMVVM/Info.plist;
				INFOPLIST_KEY_UIApplicationSupportsIndirectInputEvents = YES;
				INFOPLIST_KEY_UILaunchStoryboardName = LaunchScreen;
				INFOPLIST_KEY_UIMainStoryboardFile = Main;
				INFOPLIST_KEY_UISupportedInterfaceOrientations_iPad = "UIInterfaceOrientationPortrait UIInterfaceOrientationPortraitUpsideDown UIInterfaceOrientationLandscapeLeft UIInterfaceOrientationLandscapeRight";
				INFOPLIST_KEY_UISupportedInterfaceOrientations_iPhone = "UIInterfaceOrientationPortrait UIInterfaceOrientationLandscapeLeft UIInterfaceOrientationLandscapeRight";
				IPHONEOS_DEPLOYMENT_TARGET = 16.0;
				LD_RUNPATH_SEARCH_PATHS = (
					"$(inherited)",
					"@executable_path/Frameworks",
				);
				MARKETING_VERSION = 1.0;
				PRODUCT_BUNDLE_IDENTIFIER = com.gulshankhandale.practiceMVVM;
				PRODUCT_NAME = "$(TARGET_NAME)";
				SWIFT_EMIT_LOC_STRINGS = YES;
				SWIFT_VERSION = 5.0;
				TARGETED_DEVICE_FAMILY = "1,2";
			};
			name = Debug;
		};
		679ECD022C75DFED00BF45C3 /* Release */ = {
			isa = XCBuildConfiguration;
			buildSettings = {
				ASSETCATALOG_COMPILER_APPICON_NAME = AppIcon;
				ASSETCATALOG_COMPILER_GLOBAL_ACCENT_COLOR_NAME = AccentColor;
				CODE_SIGN_STYLE = Automatic;
				CURRENT_PROJECT_VERSION = 1;
				DEVELOPMENT_TEAM = H59TZMZ589;
				GENERATE_INFOPLIST_FILE = YES;
				INFOPLIST_FILE = practiceMVVM/Info.plist;
				INFOPLIST_KEY_UIApplicationSupportsIndirectInputEvents = YES;
				INFOPLIST_KEY_UILaunchStoryboardName = LaunchScreen;
				INFOPLIST_KEY_UIMainStoryboardFile = Main;
				INFOPLIST_KEY_UISupportedInterfaceOrientations_iPad = "UIInterfaceOrientationPortrait UIInterfaceOrientationPortraitUpsideDown UIInterfaceOrientationLandscapeLeft UIInterfaceOrientationLandscapeRight";
				INFOPLIST_KEY_UISupportedInterfaceOrientations_iPhone = "UIInterfaceOrientationPortrait UIInterfaceOrientationLandscapeLeft UIInterfaceOrientationLandscapeRight";
				IPHONEOS_DEPLOYMENT_TARGET = 16.0;
				LD_RUNPATH_SEARCH_PATHS = (
					"$(inherited)",
					"@executable_path/Frameworks",
				);
				MARKETING_VERSION = 1.0;
				PRODUCT_BUNDLE_IDENTIFIER = com.gulshankhandale.practiceMVVM;
				PRODUCT_NAME = "$(TARGET_NAME)";
				SWIFT_EMIT_LOC_STRINGS = YES;
				SWIFT_VERSION = 5.0;
				TARGETED_DEVICE_FAMILY = "1,2";
			};
			name = Release;
		};
/* End XCBuildConfiguration section */

/* Begin XCConfigurationList section */
		679ECCE72C75DFEB00BF45C3 /* Build configuration list for PBXProject "practiceMVVM" */ = {
			isa = XCConfigurationList;
			buildConfigurations = (
				679ECCFE2C75DFED00BF45C3 /* Debug */,
				679ECCFF2C75DFED00BF45C3 /* Release */,
			);
			defaultConfigurationIsVisible = 0;
			defaultConfigurationName = Release;
		};
		679ECD002C75DFED00BF45C3 /* Build configuration list for PBXNativeTarget "practiceMVVM" */ = {
			isa = XCConfigurationList;
			buildConfigurations = (
				679ECD012C75DFED00BF45C3 /* Debug */,
				679ECD022C75DFED00BF45C3 /* Release */,
			);
			defaultConfigurationIsVisible = 0;
			defaultConfigurationName = Release;
		};
/* End XCConfigurationList section */

/* Begin XCRemoteSwiftPackageReference section */
		679ECD082C75F65D00BF45C3 /* XCRemoteSwiftPackageReference "RxSwift" */ = {
			isa = XCRemoteSwiftPackageReference;
			repositoryURL = "https://github.com/ReactiveX/RxSwift.git";
			requirement = {
				kind = upToNextMajorVersion;
				minimumVersion = 6.7.1;
			};
		};
/* End XCRemoteSwiftPackageReference section */

/* Begin XCSwiftPackageProductDependency section */
		679ECD092C75F65D00BF45C3 /* RxCocoa */ = {
			isa = XCSwiftPackageProductDependency;
			package = 679ECD082C75F65D00BF45C3 /* XCRemoteSwiftPackageReference "RxSwift" */;
			productName = RxCocoa;
		};
		679ECD0B2C75F65D00BF45C3 /* RxRelay */ = {
			isa = XCSwiftPackageProductDependency;
			package = 679ECD082C75F65D00BF45C3 /* XCRemoteSwiftPackageReference "RxSwift" */;
			productName = RxRelay;
		};
		679ECD0D2C75F65D00BF45C3 /* RxSwift */ = {
			isa = XCSwiftPackageProductDependency;
			package = 679ECD082C75F65D00BF45C3 /* XCRemoteSwiftPackageReference "RxSwift" */;
			productName = RxSwift;
		};
/* End XCSwiftPackageProductDependency section */
	};
	rootObject = 679ECCE42C75DFEB00BF45C3 /* Project object */;
}
